// !$*UTF8*$!
{
	archiveVersion = 1;
	classes = {
	};
	objectVersion = 48;
	objects = {

/* Begin PBXBuildFile section */
		187EF8D6201A52CC005A2786 /* CategoryViewController.swift in Sources */ = {isa = PBXBuildFile; fileRef = 187EF8D5201A52CC005A2786 /* CategoryViewController.swift */; };
		18B993152015051F009C0669 /* AppDelegate.swift in Sources */ = {isa = PBXBuildFile; fileRef = 18B993142015051F009C0669 /* AppDelegate.swift */; };
		18B993172015051F009C0669 /* TodoyeListViewController.swift in Sources */ = {isa = PBXBuildFile; fileRef = 18B993162015051F009C0669 /* TodoyeListViewController.swift */; };
		18B9931A2015051F009C0669 /* Main.storyboard in Resources */ = {isa = PBXBuildFile; fileRef = 18B993182015051F009C0669 /* Main.storyboard */; };
		18B9931C2015051F009C0669 /* Assets.xcassets in Resources */ = {isa = PBXBuildFile; fileRef = 18B9931B2015051F009C0669 /* Assets.xcassets */; };
		18B9931F2015051F009C0669 /* LaunchScreen.storyboard in Resources */ = {isa = PBXBuildFile; fileRef = 18B9931D2015051F009C0669 /* LaunchScreen.storyboard */; };
		18EC26F12018F93900EF6E35 /* DataModel.xcdatamodeld in Sources */ = {isa = PBXBuildFile; fileRef = 18EC26EF2018F93900EF6E35 /* DataModel.xcdatamodeld */; };
		57CC8CEC7BA32A5F2319136E /* Pods_Todoye.framework in Frameworks */ = {isa = PBXBuildFile; fileRef = 9C8A24939A02787563727E78 /* Pods_Todoye.framework */; };
/* End PBXBuildFile section */

/* Begin PBXFileReference section */
		187EF8D5201A52CC005A2786 /* CategoryViewController.swift */ = {isa = PBXFileReference; lastKnownFileType = sourcecode.swift; path = CategoryViewController.swift; sourceTree = "<group>"; };
		18B993112015051F009C0669 /* Todoye.app */ = {isa = PBXFileReference; explicitFileType = wrapper.application; includeInIndex = 0; path = Todoye.app; sourceTree = BUILT_PRODUCTS_DIR; };
		18B993142015051F009C0669 /* AppDelegate.swift */ = {isa = PBXFileReference; lastKnownFileType = sourcecode.swift; path = AppDelegate.swift; sourceTree = "<group>"; };
		18B993162015051F009C0669 /* TodoyeListViewController.swift */ = {isa = PBXFileReference; lastKnownFileType = sourcecode.swift; path = TodoyeListViewController.swift; sourceTree = "<group>"; };
		18B993192015051F009C0669 /* Base */ = {isa = PBXFileReference; lastKnownFileType = file.storyboard; name = Base; path = Base.lproj/Main.storyboard; sourceTree = "<group>"; };
		18B9931B2015051F009C0669 /* Assets.xcassets */ = {isa = PBXFileReference; lastKnownFileType = folder.assetcatalog; path = Assets.xcassets; sourceTree = "<group>"; };
		18B9931E2015051F009C0669 /* Base */ = {isa = PBXFileReference; lastKnownFileType = file.storyboard; name = Base; path = Base.lproj/LaunchScreen.storyboard; sourceTree = "<group>"; };
		18B993202015051F009C0669 /* Info.plist */ = {isa = PBXFileReference; lastKnownFileType = text.plist.xml; path = Info.plist; sourceTree = "<group>"; };
		18EC26F02018F93900EF6E35 /* DataModel.xcdatamodel */ = {isa = PBXFileReference; lastKnownFileType = wrapper.xcdatamodel; path = DataModel.xcdatamodel; sourceTree = "<group>"; };
		9C8A24939A02787563727E78 /* Pods_Todoye.framework */ = {isa = PBXFileReference; explicitFileType = wrapper.framework; includeInIndex = 0; path = Pods_Todoye.framework; sourceTree = BUILT_PRODUCTS_DIR; };
		C65F8C282C2AD6C78CC2329F /* Pods-Todoye.release.xcconfig */ = {isa = PBXFileReference; includeInIndex = 1; lastKnownFileType = text.xcconfig; name = "Pods-Todoye.release.xcconfig"; path = "Pods/Target Support Files/Pods-Todoye/Pods-Todoye.release.xcconfig"; sourceTree = "<group>"; };
		D79320E658E2E1A005B6E8DD /* Pods-Todoye.debug.xcconfig */ = {isa = PBXFileReference; includeInIndex = 1; lastKnownFileType = text.xcconfig; name = "Pods-Todoye.debug.xcconfig"; path = "Pods/Target Support Files/Pods-Todoye/Pods-Todoye.debug.xcconfig"; sourceTree = "<group>"; };
/* End PBXFileReference section */

/* Begin PBXFrameworksBuildPhase section */
		18B9930E2015051F009C0669 /* Frameworks */ = {
			isa = PBXFrameworksBuildPhase;
			buildActionMask = 2147483647;
			files = (
				57CC8CEC7BA32A5F2319136E /* Pods_Todoye.framework in Frameworks */,
			);
			runOnlyForDeploymentPostprocessing = 0;
		};
/* End PBXFrameworksBuildPhase section */

/* Begin PBXGroup section */
		183AB42320179D8200F255E3 /* DataModel */ = {
			isa = PBXGroup;
			children = (
				18EC26EF2018F93900EF6E35 /* DataModel.xcdatamodeld */,
			);
			path = DataModel;
			sourceTree = "<group>";
		};
		183AB42420179D8F00F255E3 /* Controllers */ = {
			isa = PBXGroup;
			children = (
				18B993162015051F009C0669 /* TodoyeListViewController.swift */,
				187EF8D5201A52CC005A2786 /* CategoryViewController.swift */,
			);
			path = Controllers;
			sourceTree = "<group>";
		};
		183AB42520179DAB00F255E3 /* Views */ = {
			isa = PBXGroup;
			children = (
				18B993182015051F009C0669 /* Main.storyboard */,
			);
			path = Views;
			sourceTree = "<group>";
		};
		183AB42620179DE900F255E3 /* SupportingFiles */ = {
			isa = PBXGroup;
			children = (
				18B9931B2015051F009C0669 /* Assets.xcassets */,
				18B9931D2015051F009C0669 /* LaunchScreen.storyboard */,
			);
			path = SupportingFiles;
			sourceTree = "<group>";
		};
		18B993082015051F009C0669 = {
			isa = PBXGroup;
			children = (
				18B993132015051F009C0669 /* Todoye */,
				18B993122015051F009C0669 /* Products */,
				1BF3159CE2B1C56C92790333 /* Pods */,
				DA8177C956DFC3300FAD52A2 /* Frameworks */,
			);
			sourceTree = "<group>";
		};
		18B993122015051F009C0669 /* Products */ = {
			isa = PBXGroup;
			children = (
				18B993112015051F009C0669 /* Todoye.app */,
			);
			name = Products;
			sourceTree = "<group>";
		};
		18B993132015051F009C0669 /* Todoye */ = {
			isa = PBXGroup;
			children = (
				18B993142015051F009C0669 /* AppDelegate.swift */,
				183AB42420179D8F00F255E3 /* Controllers */,
				183AB42520179DAB00F255E3 /* Views */,
				183AB42620179DE900F255E3 /* SupportingFiles */,
				183AB42320179D8200F255E3 /* DataModel */,
				18B993202015051F009C0669 /* Info.plist */,
			);
			path = Todoye;
			sourceTree = "<group>";
		};
		1BF3159CE2B1C56C92790333 /* Pods */ = {
			isa = PBXGroup;
			children = (
				D79320E658E2E1A005B6E8DD /* Pods-Todoye.debug.xcconfig */,
				C65F8C282C2AD6C78CC2329F /* Pods-Todoye.release.xcconfig */,
			);
			name = Pods;
			sourceTree = "<group>";
		};
		DA8177C956DFC3300FAD52A2 /* Frameworks */ = {
			isa = PBXGroup;
			children = (
				9C8A24939A02787563727E78 /* Pods_Todoye.framework */,
			);
			name = Frameworks;
			sourceTree = "<group>";
		};
/* End PBXGroup section */

/* Begin PBXNativeTarget section */
		18B993102015051F009C0669 /* Todoye */ = {
			isa = PBXNativeTarget;
			buildConfigurationList = 18B993232015051F009C0669 /* Build configuration list for PBXNativeTarget "Todoye" */;
			buildPhases = (
				3C6063002332C936783205C9 /* [CP] Check Pods Manifest.lock */,
				18B9930D2015051F009C0669 /* Sources */,
				18B9930E2015051F009C0669 /* Frameworks */,
				18B9930F2015051F009C0669 /* Resources */,
				223E524CA580761F3839C3B9 /* [CP] Embed Pods Frameworks */,
				800DD63AD5722FC6B3E60E32 /* [CP] Copy Pods Resources */,
			);
			buildRules = (
			);
			dependencies = (
			);
			name = Todoye;
			productName = Todoye;
			productReference = 18B993112015051F009C0669 /* Todoye.app */;
			productType = "com.apple.product-type.application";
		};
/* End PBXNativeTarget section */

/* Begin PBXProject section */
		18B993092015051F009C0669 /* Project object */ = {
			isa = PBXProject;
			attributes = {
				LastSwiftUpdateCheck = 0920;
				LastUpgradeCheck = 0920;
				ORGANIZATIONNAME = APPLE;
				TargetAttributes = {
					18B993102015051F009C0669 = {
						CreatedOnToolsVersion = 9.2;
						ProvisioningStyle = Automatic;
					};
				};
			};
			buildConfigurationList = 18B9930C2015051F009C0669 /* Build configuration list for PBXProject "Todoye" */;
			compatibilityVersion = "Xcode 8.0";
			developmentRegion = en;
			hasScannedForEncodings = 0;
			knownRegions = (
				en,
				Base,
			);
			mainGroup = 18B993082015051F009C0669;
			productRefGroup = 18B993122015051F009C0669 /* Products */;
			projectDirPath = "";
			projectRoot = "";
			targets = (
				18B993102015051F009C0669 /* Todoye */,
			);
		};
/* End PBXProject section */

/* Begin PBXResourcesBuildPhase section */
		18B9930F2015051F009C0669 /* Resources */ = {
			isa = PBXResourcesBuildPhase;
			buildActionMask = 2147483647;
			files = (
				18B9931F2015051F009C0669 /* LaunchScreen.storyboard in Resources */,
				18B9931C2015051F009C0669 /* Assets.xcassets in Resources */,
				18B9931A2015051F009C0669 /* Main.storyboard in Resources */,
			);
			runOnlyForDeploymentPostprocessing = 0;
		};
/* End PBXResourcesBuildPhase section */

/* Begin PBXShellScriptBuildPhase section */
		223E524CA580761F3839C3B9 /* [CP] Embed Pods Frameworks */ = {
			isa = PBXShellScriptBuildPhase;
			buildActionMask = 2147483647;
			files = (
			);
			inputPaths = (
				"${SRCROOT}/Pods/Target Support Files/Pods-Todoye/Pods-Todoye-frameworks.sh",
				"${BUILT_PRODUCTS_DIR}/Realm/Realm.framework",
				"${BUILT_PRODUCTS_DIR}/RealmSwift/RealmSwift.framework",
			);
			name = "[CP] Embed Pods Frameworks";
			outputPaths = (
				"${TARGET_BUILD_DIR}/${FRAMEWORKS_FOLDER_PATH}/Realm.framework",
				"${TARGET_BUILD_DIR}/${FRAMEWORKS_FOLDER_PATH}/RealmSwift.framework",
			);
			runOnlyForDeploymentPostprocessing = 0;
			shellPath = /bin/sh;
			shellScript = "\"${SRCROOT}/Pods/Target Support Files/Pods-Todoye/Pods-Todoye-frameworks.sh\"\n";
			showEnvVarsInLog = 0;
		};
		3C6063002332C936783205C9 /* [CP] Check Pods Manifest.lock */ = {
			isa = PBXShellScriptBuildPhase;
			buildActionMask = 2147483647;
			files = (
			);
			inputPaths = (
				"${PODS_PODFILE_DIR_PATH}/Podfile.lock",
				"${PODS_ROOT}/Manifest.lock",
			);
			name = "[CP] Check Pods Manifest.lock";
			outputPaths = (
				"$(DERIVED_FILE_DIR)/Pods-Todoye-checkManifestLockResult.txt",
			);
			runOnlyForDeploymentPostprocessing = 0;
			shellPath = /bin/sh;
			shellScript = "diff \"${PODS_PODFILE_DIR_PATH}/Podfile.lock\" \"${PODS_ROOT}/Manifest.lock\" > /dev/null\nif [ $? != 0 ] ; then\n    # print error to STDERR\n    echo \"error: The sandbox is not in sync with the Podfile.lock. Run 'pod install' or update your CocoaPods installation.\" >&2\n    exit 1\nfi\n# This output is used by Xcode 'outputs' to avoid re-running this script phase.\necho \"SUCCESS\" > \"${SCRIPT_OUTPUT_FILE_0}\"\n";
			showEnvVarsInLog = 0;
		};
		800DD63AD5722FC6B3E60E32 /* [CP] Copy Pods Resources */ = {
			isa = PBXShellScriptBuildPhase;
			buildActionMask = 2147483647;
			files = (
			);
			inputPaths = (
			);
			name = "[CP] Copy Pods Resources";
			outputPaths = (
			);
			runOnlyForDeploymentPostprocessing = 0;
			shellPath = /bin/sh;
			shellScript = "\"${SRCROOT}/Pods/Target Support Files/Pods-Todoye/Pods-Todoye-resources.sh\"\n";
			showEnvVarsInLog = 0;
		};
/* End PBXShellScriptBuildPhase section */

/* Begin PBXSourcesBuildPhase section */
		18B9930D2015051F009C0669 /* Sources */ = {
			isa = PBXSourcesBuildPhase;
			buildActionMask = 2147483647;
			files = (
				187EF8D6201A52CC005A2786 /* CategoryViewController.swift in Sources */,
				18B993172015051F009C0669 /* TodoyeListViewController.swift in Sources */,
				18EC26F12018F93900EF6E35 /* DataModel.xcdatamodeld in Sources */,
				18B993152015051F009C0669 /* AppDelegate.swift in Sources */,
			);
			runOnlyForDeploymentPostprocessing = 0;
		};
/* End PBXSourcesBuildPhase section */

/* Begin PBXVariantGroup section */
		18B993182015051F009C0669 /* Main.storyboard */ = {
			isa = PBXVariantGroup;
			children = (
				18B993192015051F009C0669 /* Base */,
			);
			name = Main.storyboard;
			sourceTree = "<group>";
		};
		18B9931D2015051F009C0669 /* LaunchScreen.storyboard */ = {
			isa = PBXVariantGroup;
			children = (
				18B9931E2015051F009C0669 /* Base */,
			);
			name = LaunchScreen.storyboard;
			sourceTree = "<group>";
		};
/* End PBXVariantGroup section */

/* Begin XCBuildConfiguration section */
		18B993212015051F009C0669 /* Debug */ = {
			isa = XCBuildConfiguration;
			buildSettings = {
				ALWAYS_SEARCH_USER_PATHS = NO;
				CLANG_ANALYZER_NONNULL = YES;
				CLANG_ANALYZER_NUMBER_OBJECT_CONVERSION = YES_AGGRESSIVE;
				CLANG_CXX_LANGUAGE_STANDARD = "gnu++14";
				CLANG_CXX_LIBRARY = "libc++";
				CLANG_ENABLE_MODULES = YES;
				CLANG_ENABLE_OBJC_ARC = YES;
				CLANG_WARN_BLOCK_CAPTURE_AUTORELEASING = YES;
				CLANG_WARN_BOOL_CONVERSION = YES;
				CLANG_WARN_COMMA = YES;
				CLANG_WARN_CONSTANT_CONVERSION = YES;
				CLANG_WARN_DIRECT_OBJC_ISA_USAGE = YES_ERROR;
				CLANG_WARN_DOCUMENTATION_COMMENTS = YES;
				CLANG_WARN_EMPTY_BODY = YES;
				CLANG_WARN_ENUM_CONVERSION = YES;
				CLANG_WARN_INFINITE_RECURSION = YES;
				CLANG_WARN_INT_CONVERSION = YES;
				CLANG_WARN_NON_LITERAL_NULL_CONVERSION = YES;
				CLANG_WARN_OBJC_LITERAL_CONVERSION = YES;
				CLANG_WARN_OBJC_ROOT_CLASS = YES_ERROR;
				CLANG_WARN_RANGE_LOOP_ANALYSIS = YES;
				CLANG_WARN_STRICT_PROTOTYPES = YES;
				CLANG_WARN_SUSPICIOUS_MOVE = YES;
				CLANG_WARN_UNGUARDED_AVAILABILITY = YES_AGGRESSIVE;
				CLANG_WARN_UNREACHABLE_CODE = YES;
				CLANG_WARN__DUPLICATE_METHOD_MATCH = YES;
				CODE_SIGN_IDENTITY = "iPhone Developer";
				COPY_PHASE_STRIP = NO;
				DEBUG_INFORMATION_FORMAT = dwarf;
				ENABLE_STRICT_OBJC_MSGSEND = YES;
				ENABLE_TESTABILITY = YES;
				GCC_C_LANGUAGE_STANDARD = gnu11;
				GCC_DYNAMIC_NO_PIC = NO;
				GCC_NO_COMMON_BLOCKS = YES;
				GCC_OPTIMIZATION_LEVEL = 0;
				GCC_PREPROCESSOR_DEFINITIONS = (
					"DEBUG=1",
					"$(inherited)",
				);
				GCC_WARN_64_TO_32_BIT_CONVERSION = YES;
				GCC_WARN_ABOUT_RETURN_TYPE = YES_ERROR;
				GCC_WARN_UNDECLARED_SELECTOR = YES;
				GCC_WARN_UNINITIALIZED_AUTOS = YES_AGGRESSIVE;
				GCC_WARN_UNUSED_FUNCTION = YES;
				GCC_WARN_UNUSED_VARIABLE = YES;
				IPHONEOS_DEPLOYMENT_TARGET = 11.2;
				MTL_ENABLE_DEBUG_INFO = YES;
				ONLY_ACTIVE_ARCH = YES;
				SDKROOT = iphoneos;
				SWIFT_ACTIVE_COMPILATION_CONDITIONS = DEBUG;
				SWIFT_OPTIMIZATION_LEVEL = "-Onone";
			};
			name = Debug;
		};
		18B993222015051F009C0669 /* Release */ = {
			isa = XCBuildConfiguration;
			buildSettings = {
				ALWAYS_SEARCH_USER_PATHS = NO;
				CLANG_ANALYZER_NONNULL = YES;
				CLANG_ANALYZER_NUMBER_OBJECT_CONVERSION = YES_AGGRESSIVE;
				CLANG_CXX_LANGUAGE_STANDARD = "gnu++14";
				CLANG_CXX_LIBRARY = "libc++";
				CLANG_ENABLE_MODULES = YES;
				CLANG_ENABLE_OBJC_ARC = YES;
				CLANG_WARN_BLOCK_CAPTURE_AUTORELEASING = YES;
				CLANG_WARN_BOOL_CONVERSION = YES;
				CLANG_WARN_COMMA = YES;
				CLANG_WARN_CONSTANT_CONVERSION = YES;
				CLANG_WARN_DIRECT_OBJC_ISA_USAGE = YES_ERROR;
				CLANG_WARN_DOCUMENTATION_COMMENTS = YES;
				CLANG_WARN_EMPTY_BODY = YES;
				CLANG_WARN_ENUM_CONVERSION = YES;
				CLANG_WARN_INFINITE_RECURSION = YES;
				CLANG_WARN_INT_CONVERSION = YES;
				CLANG_WARN_NON_LITERAL_NULL_CONVERSION = YES;
				CLANG_WARN_OBJC_LITERAL_CONVERSION = YES;
				CLANG_WARN_OBJC_ROOT_CLASS = YES_ERROR;
				CLANG_WARN_RANGE_LOOP_ANALYSIS = YES;
				CLANG_WARN_STRICT_PROTOTYPES = YES;
				CLANG_WARN_SUSPICIOUS_MOVE = YES;
				CLANG_WARN_UNGUARDED_AVAILABILITY = YES_AGGRESSIVE;
				CLANG_WARN_UNREACHABLE_CODE = YES;
				CLANG_WARN__DUPLICATE_METHOD_MATCH = YES;
				CODE_SIGN_IDENTITY = "iPhone Developer";
				COPY_PHASE_STRIP = NO;
				DEBUG_INFORMATION_FORMAT = "dwarf-with-dsym";
				ENABLE_NS_ASSERTIONS = NO;
				ENABLE_STRICT_OBJC_MSGSEND = YES;
				GCC_C_LANGUAGE_STANDARD = gnu11;
				GCC_NO_COMMON_BLOCKS = YES;
				GCC_WARN_64_TO_32_BIT_CONVERSION = YES;
				GCC_WARN_ABOUT_RETURN_TYPE = YES_ERROR;
				GCC_WARN_UNDECLARED_SELECTOR = YES;
				GCC_WARN_UNINITIALIZED_AUTOS = YES_AGGRESSIVE;
				GCC_WARN_UNUSED_FUNCTION = YES;
				GCC_WARN_UNUSED_VARIABLE = YES;
				IPHONEOS_DEPLOYMENT_TARGET = 11.2;
				MTL_ENABLE_DEBUG_INFO = NO;
				SDKROOT = iphoneos;
				SWIFT_OPTIMIZATION_LEVEL = "-Owholemodule";
				VALIDATE_PRODUCT = YES;
			};
			name = Release;
		};
		18B993242015051F009C0669 /* Debug */ = {
			isa = XCBuildConfiguration;
			baseConfigurationReference = D79320E658E2E1A005B6E8DD /* Pods-Todoye.debug.xcconfig */;
			buildSettings = {
				ASSETCATALOG_COMPILER_APPICON_NAME = AppIcon;
				CODE_SIGN_STYLE = Automatic;
				INFOPLIST_FILE = Todoye/Info.plist;
				LD_RUNPATH_SEARCH_PATHS = "$(inherited) @executable_path/Frameworks";
				PRODUCT_BUNDLE_IDENTIFIER = com.dgaps.Todoye;
				PRODUCT_NAME = "$(TARGET_NAME)";
				SWIFT_VERSION = 4.0;
				TARGETED_DEVICE_FAMILY = "1,2";
			};
			name = Debug;
		};
		18B993252015051F009C0669 /* Release */ = {
			isa = XCBuildConfiguration;
			baseConfigurationReference = C65F8C282C2AD6C78CC2329F /* Pods-Todoye.release.xcconfig */;
			buildSettings = {
				ASSETCATALOG_COMPILER_APPICON_NAME = AppIcon;
				CODE_SIGN_STYLE = Automatic;
				INFOPLIST_FILE = Todoye/Info.plist;
				LD_RUNPATH_SEARCH_PATHS = "$(inherited) @executable_path/Frameworks";
				PRODUCT_BUNDLE_IDENTIFIER = com.dgaps.Todoye;
				PRODUCT_NAME = "$(TARGET_NAME)";
				SWIFT_VERSION = 4.0;
				TARGETED_DEVICE_FAMILY = "1,2";
			};
			name = Release;
		};
/* End XCBuildConfiguration section */

/* Begin XCConfigurationList section */
		18B9930C2015051F009C0669 /* Build configuration list for PBXProject "Todoye" */ = {
			isa = XCConfigurationList;
			buildConfigurations = (
				18B993212015051F009C0669 /* Debug */,
				18B993222015051F009C0669 /* Release */,
			);
			defaultConfigurationIsVisible = 0;
			defaultConfigurationName = Release;
		};
		18B993232015051F009C0669 /* Build configuration list for PBXNativeTarget "Todoye" */ = {
			isa = XCConfigurationList;
			buildConfigurations = (
				18B993242015051F009C0669 /* Debug */,
				18B993252015051F009C0669 /* Release */,
			);
			defaultConfigurationIsVisible = 0;
			defaultConfigurationName = Release;
		};
/* End XCConfigurationList section */

/* Begin XCVersionGroup section */
		18EC26EF2018F93900EF6E35 /* DataModel.xcdatamodeld */ = {
			isa = XCVersionGroup;
			children = (
				18EC26F02018F93900EF6E35 /* DataModel.xcdatamodel */,
			);
			currentVersion = 18EC26F02018F93900EF6E35 /* DataModel.xcdatamodel */;
			path = DataModel.xcdatamodeld;
			sourceTree = "<group>";
			versionGroupType = wrapper.xcdatamodel;
		};
/* End XCVersionGroup section */
	};
	rootObject = 18B993092015051F009C0669 /* Project object */;
}
